<?xml version="1.0" encoding="utf-8"?>
<Project ToolsVersion="4.0" xmlns="http://schemas.microsoft.com/developer/msbuild/2003">
  <ItemGroup>
    <ClCompile Include="GTAIIIDefinitiveAchievementsForSteam.cpp" />
    <ClCompile Include="AchievementManager.cpp" />
    <ClCompile Include="AchievementUnlockPopupManager.cpp" />
  </ItemGroup>
  <ItemGroup>
    <ClInclude Include="AchievementManager.h" />
    <ClInclude Include="AchievementUnlockPopupManager.h" />
    <ClInclude Include="AchievementMenuManager.h" />
    <ClInclude Include="debug.h" />
  </ItemGroup>
</Project>